
Microsoft Visual Studio Solution File, Format Version 12.00
# Visual Studio Version 17
VisualStudioVersion = 17.8.34330.188
MinimumVisualStudioVersion = 10.0.40219.1
Project("{FAE04EC0-301F-11D3-BF4B-00C04F79EFBC}") = "Phone_shop", "Phone_shop\Phone_shop.csproj", "{CA9ED6F0-AB6F-4E68-9D77-7B3026CCBEB0}"
EndProject
Global
	GlobalSection(SolutionConfigurationPlatforms) = preSolution
		Debug|Any CPU = Debug|Any CPU
		Release|Any CPU = Release|Any CPU
	EndGlobalSection
	GlobalSection(ProjectConfigurationPlatforms) = postSolution
		{CA9ED6F0-AB6F-4E68-9D77-7B3026CCBEB0}.Debug|Any CPU.ActiveCfg = Debug|Any CPU
		{CA9ED6F0-AB6F-4E68-9D77-7B3026CCBEB0}.Debug|Any CPU.Build.0 = Debug|Any CPU
		{CA9ED6F0-AB6F-4E68-9D77-7B3026CCBEB0}.Release|Any CPU.ActiveCfg = Release|Any CPU
		{CA9ED6F0-AB6F-4E68-9D77-7B3026CCBEB0}.Release|Any CPU.Build.0 = Release|Any CPU
	EndGlobalSection
	GlobalSection(SolutionProperties) = preSolution
		HideSolutionNode = FALSE
	EndGlobalSection
	GlobalSection(ExtensibilityGlobals) = postSolution
		SolutionGuid = {5423D896-6198-47F4-BF95-9B2EF3795399}
	EndGlobalSection
EndGlobal
